
Microsoft Visual Studio Solution File, Format Version 12.00
# Visual Studio Version 17
VisualStudioVersion = 17.14.36109.1 d17.14
MinimumVisualStudioVersion = 10.0.40219.1
Project("{FAE04EC0-301F-11D3-BF4B-00C04F79EFBC}") = "SportCenterVictory", "SportCenterVictory.csproj", "{E3CCBD52-2224-4780-9B87-594136B771EB}"
EndProject
Project("{2150E333-8FDC-42A3-9474-1A3956D46DE8}") = "SVCApp", "SVCApp", "{02EA681E-C7D8-13C7-8484-4AC65E1B71E8}"
EndProject
Project("{2150E333-8FDC-42A3-9474-1A3956D46DE8}") = "SVC.Web", "SVC.Web", "{82D99BE0-4A8E-406C-9054-6E17D9F33CF0}"
EndProject
Project("{FAE04EC0-301F-11D3-BF4B-00C04F79EFBC}") = "SVC.Web.ViewModels", "..\SVC.Web.ViewModels\SVC.Web.ViewModels.csproj", "{4A63EA08-DF19-4872-B57F-45016FF7F8FB}"
EndProject
Project("{FAE04EC0-301F-11D3-BF4B-00C04F79EFBC}") = "SVC.Web.Infrastructure", "..\SVC.Web.Infrastructure\SVC.Web.Infrastructure.csproj", "{81F5000A-CEB2-4103-B5A1-41C07C786A25}"
EndProject
Project("{2150E333-8FDC-42A3-9474-1A3956D46DE8}") = "SCV.Data", "SCV.Data", "{48CA10E1-2ABA-4B71-8E0F-694DF3220172}"
EndProject
Project("{FAE04EC0-301F-11D3-BF4B-00C04F79EFBC}") = "SCV.Data", "..\SCV.Data\SCV.Data.csproj", "{F1C04EA1-BEAF-4B26-BCE4-6CAD1A518DBC}"
EndProject
Project("{FAE04EC0-301F-11D3-BF4B-00C04F79EFBC}") = "SVC.Data.Models", "..\SVC.Data.Models\SVC.Data.Models.csproj", "{10536CD1-74AF-4322-B3C3-05B8118AA206}"
EndProject
Project("{FAE04EC0-301F-11D3-BF4B-00C04F79EFBC}") = "SVC.Data.Common", "..\SVC.Data.Common\SVC.Data.Common.csproj", "{42F986FB-8791-4508-A198-6394A35CEE45}"
EndProject
Project("{2150E333-8FDC-42A3-9474-1A3956D46DE8}") = "SVC.Services", "SVC.Services", "{72F1D212-1364-44BF-9957-04363B0E98BE}"
EndProject
Project("{FAE04EC0-301F-11D3-BF4B-00C04F79EFBC}") = "SVC.Services.Core", "..\SVC.Services.Core\SVC.Services.Core.csproj", "{CF4B401C-40FC-4D89-8986-75C9C5A74DF6}"
EndProject
Project("{FAE04EC0-301F-11D3-BF4B-00C04F79EFBC}") = "SVC.Services.Common", "..\SVC.Services.Common\SVC.Services.Common.csproj", "{DE7F5EDB-61C9-42CE-89C5-EA16B9285594}"
EndProject
Project("{FAE04EC0-301F-11D3-BF4B-00C04F79EFBC}") = "SVC.Services.AutoMapper", "..\SVC.Services.AutoMapper\SVC.Services.AutoMapper.csproj", "{678A7F95-D5A9-46EE-9E41-9D25FF355F65}"
EndProject
Project("{2150E333-8FDC-42A3-9474-1A3956D46DE8}") = "SCV.GlCommon", "SCV.GlCommon", "{D07905A5-DF5F-4A69-876E-E5CC60897FF5}"
EndProject
Project("{FAE04EC0-301F-11D3-BF4B-00C04F79EFBC}") = "SCV.GlCommon", "..\SCV.GlCommon\SCV.GlCommon.csproj", "{EFA6B207-A98B-4A27-99D3-B8A82E5A91C9}"
EndProject
Project("{2150E333-8FDC-42A3-9474-1A3956D46DE8}") = "SVC.Test", "SVC.Test", "{0C8A141A-1559-4896-8F6C-3C82499838C3}"
EndProject
Project("{FAE04EC0-301F-11D3-BF4B-00C04F79EFBC}") = "SVC.Test.IntegrationTests", "..\SVC.Test.IntegrationTests\SVC.Test.IntegrationTests.csproj", "{4E48A541-E2CF-45F5-836D-84BD091FEF3C}"
EndProject
Project("{FAE04EC0-301F-11D3-BF4B-00C04F79EFBC}") = "SVC.Test.ServiceTests", "..\SVC.Test.ServiceTests\SVC.Test.ServiceTests.csproj", "{06751A95-22B8-4C45-B800-1FAC560E8171}"
EndProject
Project("{FAE04EC0-301F-11D3-BF4B-00C04F79EFBC}") = "SVC.Test.WebTests", "..\SVC.Test.WebTests\SVC.Test.WebTests.csproj", "{3F5060B4-5923-41F1-9841-FADCE8B1702B}"
EndProject
Global
	GlobalSection(SolutionConfigurationPlatforms) = preSolution
		Debug|Any CPU = Debug|Any CPU
		Release|Any CPU = Release|Any CPU
	EndGlobalSection
	GlobalSection(ProjectConfigurationPlatforms) = postSolution
		{E3CCBD52-2224-4780-9B87-594136B771EB}.Debug|Any CPU.ActiveCfg = Debug|Any CPU
		{E3CCBD52-2224-4780-9B87-594136B771EB}.Debug|Any CPU.Build.0 = Debug|Any CPU
		{E3CCBD52-2224-4780-9B87-594136B771EB}.Release|Any CPU.ActiveCfg = Release|Any CPU
		{E3CCBD52-2224-4780-9B87-594136B771EB}.Release|Any CPU.Build.0 = Release|Any CPU
		{4A63EA08-DF19-4872-B57F-45016FF7F8FB}.Debug|Any CPU.ActiveCfg = Debug|Any CPU
		{4A63EA08-DF19-4872-B57F-45016FF7F8FB}.Debug|Any CPU.Build.0 = Debug|Any CPU
		{4A63EA08-DF19-4872-B57F-45016FF7F8FB}.Release|Any CPU.ActiveCfg = Release|Any CPU
		{4A63EA08-DF19-4872-B57F-45016FF7F8FB}.Release|Any CPU.Build.0 = Release|Any CPU
		{81F5000A-CEB2-4103-B5A1-41C07C786A25}.Debug|Any CPU.ActiveCfg = Debug|Any CPU
		{81F5000A-CEB2-4103-B5A1-41C07C786A25}.Debug|Any CPU.Build.0 = Debug|Any CPU
		{81F5000A-CEB2-4103-B5A1-41C07C786A25}.Release|Any CPU.ActiveCfg = Release|Any CPU
		{81F5000A-CEB2-4103-B5A1-41C07C786A25}.Release|Any CPU.Build.0 = Release|Any CPU
		{F1C04EA1-BEAF-4B26-BCE4-6CAD1A518DBC}.Debug|Any CPU.ActiveCfg = Debug|Any CPU
		{F1C04EA1-BEAF-4B26-BCE4-6CAD1A518DBC}.Debug|Any CPU.Build.0 = Debug|Any CPU
		{F1C04EA1-BEAF-4B26-BCE4-6CAD1A518DBC}.Release|Any CPU.ActiveCfg = Release|Any CPU
		{F1C04EA1-BEAF-4B26-BCE4-6CAD1A518DBC}.Release|Any CPU.Build.0 = Release|Any CPU
		{10536CD1-74AF-4322-B3C3-05B8118AA206}.Debug|Any CPU.ActiveCfg = Debug|Any CPU
		{10536CD1-74AF-4322-B3C3-05B8118AA206}.Debug|Any CPU.Build.0 = Debug|Any CPU
		{10536CD1-74AF-4322-B3C3-05B8118AA206}.Release|Any CPU.ActiveCfg = Release|Any CPU
		{10536CD1-74AF-4322-B3C3-05B8118AA206}.Release|Any CPU.Build.0 = Release|Any CPU
		{42F986FB-8791-4508-A198-6394A35CEE45}.Debug|Any CPU.ActiveCfg = Debug|Any CPU
		{42F986FB-8791-4508-A198-6394A35CEE45}.Debug|Any CPU.Build.0 = Debug|Any CPU
		{42F986FB-8791-4508-A198-6394A35CEE45}.Release|Any CPU.ActiveCfg = Release|Any CPU
		{42F986FB-8791-4508-A198-6394A35CEE45}.Release|Any CPU.Build.0 = Release|Any CPU
		{CF4B401C-40FC-4D89-8986-75C9C5A74DF6}.Debug|Any CPU.ActiveCfg = Debug|Any CPU
		{CF4B401C-40FC-4D89-8986-75C9C5A74DF6}.Debug|Any CPU.Build.0 = Debug|Any CPU
		{CF4B401C-40FC-4D89-8986-75C9C5A74DF6}.Release|Any CPU.ActiveCfg = Release|Any CPU
		{CF4B401C-40FC-4D89-8986-75C9C5A74DF6}.Release|Any CPU.Build.0 = Release|Any CPU
		{DE7F5EDB-61C9-42CE-89C5-EA16B9285594}.Debug|Any CPU.ActiveCfg = Debug|Any CPU
		{DE7F5EDB-61C9-42CE-89C5-EA16B9285594}.Debug|Any CPU.Build.0 = Debug|Any CPU
		{DE7F5EDB-61C9-42CE-89C5-EA16B9285594}.Release|Any CPU.ActiveCfg = Release|Any CPU
		{DE7F5EDB-61C9-42CE-89C5-EA16B9285594}.Release|Any CPU.Build.0 = Release|Any CPU
		{678A7F95-D5A9-46EE-9E41-9D25FF355F65}.Debug|Any CPU.ActiveCfg = Debug|Any CPU
		{678A7F95-D5A9-46EE-9E41-9D25FF355F65}.Debug|Any CPU.Build.0 = Debug|Any CPU
		{678A7F95-D5A9-46EE-9E41-9D25FF355F65}.Release|Any CPU.ActiveCfg = Release|Any CPU
		{678A7F95-D5A9-46EE-9E41-9D25FF355F65}.Release|Any CPU.Build.0 = Release|Any CPU
		{EFA6B207-A98B-4A27-99D3-B8A82E5A91C9}.Debug|Any CPU.ActiveCfg = Debug|Any CPU
		{EFA6B207-A98B-4A27-99D3-B8A82E5A91C9}.Debug|Any CPU.Build.0 = Debug|Any CPU
		{EFA6B207-A98B-4A27-99D3-B8A82E5A91C9}.Release|Any CPU.ActiveCfg = Release|Any CPU
		{EFA6B207-A98B-4A27-99D3-B8A82E5A91C9}.Release|Any CPU.Build.0 = Release|Any CPU
		{4E48A541-E2CF-45F5-836D-84BD091FEF3C}.Debug|Any CPU.ActiveCfg = Debug|Any CPU
		{4E48A541-E2CF-45F5-836D-84BD091FEF3C}.Debug|Any CPU.Build.0 = Debug|Any CPU
		{4E48A541-E2CF-45F5-836D-84BD091FEF3C}.Release|Any CPU.ActiveCfg = Release|Any CPU
		{4E48A541-E2CF-45F5-836D-84BD091FEF3C}.Release|Any CPU.Build.0 = Release|Any CPU
		{06751A95-22B8-4C45-B800-1FAC560E8171}.Debug|Any CPU.ActiveCfg = Debug|Any CPU
		{06751A95-22B8-4C45-B800-1FAC560E8171}.Debug|Any CPU.Build.0 = Debug|Any CPU
		{06751A95-22B8-4C45-B800-1FAC560E8171}.Release|Any CPU.ActiveCfg = Release|Any CPU
		{06751A95-22B8-4C45-B800-1FAC560E8171}.Release|Any CPU.Build.0 = Release|Any CPU
		{3F5060B4-5923-41F1-9841-FADCE8B1702B}.Debug|Any CPU.ActiveCfg = Debug|Any CPU
		{3F5060B4-5923-41F1-9841-FADCE8B1702B}.Debug|Any CPU.Build.0 = Debug|Any CPU
		{3F5060B4-5923-41F1-9841-FADCE8B1702B}.Release|Any CPU.ActiveCfg = Release|Any CPU
		{3F5060B4-5923-41F1-9841-FADCE8B1702B}.Release|Any CPU.Build.0 = Release|Any CPU
	EndGlobalSection
	GlobalSection(SolutionProperties) = preSolution
		HideSolutionNode = FALSE
	EndGlobalSection
	GlobalSection(NestedProjects) = preSolution
		{E3CCBD52-2224-4780-9B87-594136B771EB} = {02EA681E-C7D8-13C7-8484-4AC65E1B71E8}
		{4A63EA08-DF19-4872-B57F-45016FF7F8FB} = {82D99BE0-4A8E-406C-9054-6E17D9F33CF0}
		{81F5000A-CEB2-4103-B5A1-41C07C786A25} = {82D99BE0-4A8E-406C-9054-6E17D9F33CF0}
		{F1C04EA1-BEAF-4B26-BCE4-6CAD1A518DBC} = {48CA10E1-2ABA-4B71-8E0F-694DF3220172}
		{10536CD1-74AF-4322-B3C3-05B8118AA206} = {48CA10E1-2ABA-4B71-8E0F-694DF3220172}
		{42F986FB-8791-4508-A198-6394A35CEE45} = {48CA10E1-2ABA-4B71-8E0F-694DF3220172}
		{CF4B401C-40FC-4D89-8986-75C9C5A74DF6} = {72F1D212-1364-44BF-9957-04363B0E98BE}
		{DE7F5EDB-61C9-42CE-89C5-EA16B9285594} = {72F1D212-1364-44BF-9957-04363B0E98BE}
		{678A7F95-D5A9-46EE-9E41-9D25FF355F65} = {72F1D212-1364-44BF-9957-04363B0E98BE}
		{EFA6B207-A98B-4A27-99D3-B8A82E5A91C9} = {D07905A5-DF5F-4A69-876E-E5CC60897FF5}
		{4E48A541-E2CF-45F5-836D-84BD091FEF3C} = {0C8A141A-1559-4896-8F6C-3C82499838C3}
		{06751A95-22B8-4C45-B800-1FAC560E8171} = {0C8A141A-1559-4896-8F6C-3C82499838C3}
		{3F5060B4-5923-41F1-9841-FADCE8B1702B} = {0C8A141A-1559-4896-8F6C-3C82499838C3}
	EndGlobalSection
	GlobalSection(ExtensibilityGlobals) = postSolution
		SolutionGuid = {C873251D-845D-4814-AEA2-B255D19C272D}
	EndGlobalSection
EndGlobal
