
Microsoft Visual Studio Solution File, Format Version 12.00
# Visual Studio Version 17
VisualStudioVersion = 17.14.36109.1
MinimumVisualStudioVersion = 10.0.40219.1
Project("{FAE04EC0-301F-11D3-BF4B-00C04F79EFBC}") = "SportCenterVictory", "SportCenterVictory.csproj", "{E3CCBD52-2224-4780-9B87-594136B771EB}"
EndProject
Project("{2150E333-8FDC-42A3-9474-1A3956D46DE8}") = "SCV", "SCV", "{02EA681E-C7D8-13C7-8484-4AC65E1B71E8}"
EndProject
Project("{2150E333-8FDC-42A3-9474-1A3956D46DE8}") = "SCV.Web", "SCV.Web", "{82D99BE0-4A8E-406C-9054-6E17D9F33CF0}"
EndProject
Project("{2150E333-8FDC-42A3-9474-1A3956D46DE8}") = "SCV.Data", "SCV.Data", "{48CA10E1-2ABA-4B71-8E0F-694DF3220172}"
EndProject
Project("{FAE04EC0-301F-11D3-BF4B-00C04F79EFBC}") = "SCV.Data", "..\SCV.Data\SCV.Data.csproj", "{F1C04EA1-BEAF-4B26-BCE4-6CAD1A518DBC}"
EndProject
Project("{2150E333-8FDC-42A3-9474-1A3956D46DE8}") = "SCV.Services", "SCV.Services", "{72F1D212-1364-44BF-9957-04363B0E98BE}"
EndProject
Project("{2150E333-8FDC-42A3-9474-1A3956D46DE8}") = "SCV.GlCommon", "SCV.GlCommon", "{D07905A5-DF5F-4A69-876E-E5CC60897FF5}"
EndProject
Project("{FAE04EC0-301F-11D3-BF4B-00C04F79EFBC}") = "SCV.GlCommon", "..\SCV.GlCommon\SCV.GlCommon.csproj", "{EFA6B207-A98B-4A27-99D3-B8A82E5A91C9}"
EndProject
Project("{2150E333-8FDC-42A3-9474-1A3956D46DE8}") = "SCV.Test", "SCV.Test", "{0C8A141A-1559-4896-8F6C-3C82499838C3}"
EndProject
Project("{FAE04EC0-301F-11D3-BF4B-00C04F79EFBC}") = "SCV.Web.ViewModels", "..\SCV.Web.ViewModels\SCV.Web.ViewModels.csproj", "{565EBB48-FAE5-C91F-B310-54787D801F86}"
EndProject
Project("{FAE04EC0-301F-11D3-BF4B-00C04F79EFBC}") = "SCV.Web.Infrastructure", "..\SCV.Web.Infrastructure\SCV.Web.Infrastructure.csproj", "{31B9D301-02A8-AC4F-190E-9681A83D53CC}"
EndProject
Project("{FAE04EC0-301F-11D3-BF4B-00C04F79EFBC}") = "SCV.Data.Common", "..\SCV.Data.Common\SCV.Data.Common.csproj", "{7CFFBCD6-1742-ED72-E5E5-8050F9084412}"
EndProject
Project("{FAE04EC0-301F-11D3-BF4B-00C04F79EFBC}") = "SCV.Data.Models", "..\SCV.Data.Models\SCV.Data.Models.csproj", "{6B466584-9ED9-00CB-A7AF-4EC67B726970}"
EndProject
Project("{FAE04EC0-301F-11D3-BF4B-00C04F79EFBC}") = "SCV.Services.Common", "..\SCV.Services.Common\SCV.Services.Common.csproj", "{0D19D1C6-CD7B-CF13-B7F2-FED4A689CF1C}"
EndProject
Project("{FAE04EC0-301F-11D3-BF4B-00C04F79EFBC}") = "SCV.Services.Core", "..\SCV.Services.Core\SCV.Services.Core.csproj", "{C1005735-84D4-83BA-BA8C-DFADAA8DECEF}"
EndProject
Project("{FAE04EC0-301F-11D3-BF4B-00C04F79EFBC}") = "SCV.Test.IntegrationTests", "..\SCV.Test.IntegrationTests\SCV.Test.IntegrationTests.csproj", "{99255999-9CD6-F187-775B-DD053592624C}"
EndProject
Project("{FAE04EC0-301F-11D3-BF4B-00C04F79EFBC}") = "SCV.Test.ServiceTests", "..\SCV.Test.ServiceTests\SCV.Test.ServiceTests.csproj", "{3D8F66A6-690B-9F79-3B1A-290B8E2291E4}"
EndProject
Project("{FAE04EC0-301F-11D3-BF4B-00C04F79EFBC}") = "SCV.Test.WebTests", "..\SCV.Test.WebTests\SCV.Test.WebTests.csproj", "{4D44BF7C-AB31-BBCD-43E3-477B9B87539D}"
EndProject
Global
	GlobalSection(SolutionConfigurationPlatforms) = preSolution
		Debug|Any CPU = Debug|Any CPU
		Release|Any CPU = Release|Any CPU
	EndGlobalSection
	GlobalSection(ProjectConfigurationPlatforms) = postSolution
		{E3CCBD52-2224-4780-9B87-594136B771EB}.Debug|Any CPU.ActiveCfg = Debug|Any CPU
		{E3CCBD52-2224-4780-9B87-594136B771EB}.Debug|Any CPU.Build.0 = Debug|Any CPU
		{E3CCBD52-2224-4780-9B87-594136B771EB}.Release|Any CPU.ActiveCfg = Release|Any CPU
		{E3CCBD52-2224-4780-9B87-594136B771EB}.Release|Any CPU.Build.0 = Release|Any CPU
		{F1C04EA1-BEAF-4B26-BCE4-6CAD1A518DBC}.Debug|Any CPU.ActiveCfg = Debug|Any CPU
		{F1C04EA1-BEAF-4B26-BCE4-6CAD1A518DBC}.Debug|Any CPU.Build.0 = Debug|Any CPU
		{F1C04EA1-BEAF-4B26-BCE4-6CAD1A518DBC}.Release|Any CPU.ActiveCfg = Release|Any CPU
		{F1C04EA1-BEAF-4B26-BCE4-6CAD1A518DBC}.Release|Any CPU.Build.0 = Release|Any CPU
		{EFA6B207-A98B-4A27-99D3-B8A82E5A91C9}.Debug|Any CPU.ActiveCfg = Debug|Any CPU
		{EFA6B207-A98B-4A27-99D3-B8A82E5A91C9}.Debug|Any CPU.Build.0 = Debug|Any CPU
		{EFA6B207-A98B-4A27-99D3-B8A82E5A91C9}.Release|Any CPU.ActiveCfg = Release|Any CPU
		{EFA6B207-A98B-4A27-99D3-B8A82E5A91C9}.Release|Any CPU.Build.0 = Release|Any CPU
		{565EBB48-FAE5-C91F-B310-54787D801F86}.Debug|Any CPU.ActiveCfg = Debug|Any CPU
		{565EBB48-FAE5-C91F-B310-54787D801F86}.Debug|Any CPU.Build.0 = Debug|Any CPU
		{565EBB48-FAE5-C91F-B310-54787D801F86}.Release|Any CPU.ActiveCfg = Release|Any CPU
		{565EBB48-FAE5-C91F-B310-54787D801F86}.Release|Any CPU.Build.0 = Release|Any CPU
		{31B9D301-02A8-AC4F-190E-9681A83D53CC}.Debug|Any CPU.ActiveCfg = Debug|Any CPU
		{31B9D301-02A8-AC4F-190E-9681A83D53CC}.Debug|Any CPU.Build.0 = Debug|Any CPU
		{31B9D301-02A8-AC4F-190E-9681A83D53CC}.Release|Any CPU.ActiveCfg = Release|Any CPU
		{31B9D301-02A8-AC4F-190E-9681A83D53CC}.Release|Any CPU.Build.0 = Release|Any CPU
		{7CFFBCD6-1742-ED72-E5E5-8050F9084412}.Debug|Any CPU.ActiveCfg = Debug|Any CPU
		{7CFFBCD6-1742-ED72-E5E5-8050F9084412}.Debug|Any CPU.Build.0 = Debug|Any CPU
		{7CFFBCD6-1742-ED72-E5E5-8050F9084412}.Release|Any CPU.ActiveCfg = Release|Any CPU
		{7CFFBCD6-1742-ED72-E5E5-8050F9084412}.Release|Any CPU.Build.0 = Release|Any CPU
		{6B466584-9ED9-00CB-A7AF-4EC67B726970}.Debug|Any CPU.ActiveCfg = Debug|Any CPU
		{6B466584-9ED9-00CB-A7AF-4EC67B726970}.Debug|Any CPU.Build.0 = Debug|Any CPU
		{6B466584-9ED9-00CB-A7AF-4EC67B726970}.Release|Any CPU.ActiveCfg = Release|Any CPU
		{6B466584-9ED9-00CB-A7AF-4EC67B726970}.Release|Any CPU.Build.0 = Release|Any CPU
		{0D19D1C6-CD7B-CF13-B7F2-FED4A689CF1C}.Debug|Any CPU.ActiveCfg = Debug|Any CPU
		{0D19D1C6-CD7B-CF13-B7F2-FED4A689CF1C}.Debug|Any CPU.Build.0 = Debug|Any CPU
		{0D19D1C6-CD7B-CF13-B7F2-FED4A689CF1C}.Release|Any CPU.ActiveCfg = Release|Any CPU
		{0D19D1C6-CD7B-CF13-B7F2-FED4A689CF1C}.Release|Any CPU.Build.0 = Release|Any CPU
		{C1005735-84D4-83BA-BA8C-DFADAA8DECEF}.Debug|Any CPU.ActiveCfg = Debug|Any CPU
		{C1005735-84D4-83BA-BA8C-DFADAA8DECEF}.Debug|Any CPU.Build.0 = Debug|Any CPU
		{C1005735-84D4-83BA-BA8C-DFADAA8DECEF}.Release|Any CPU.ActiveCfg = Release|Any CPU
		{C1005735-84D4-83BA-BA8C-DFADAA8DECEF}.Release|Any CPU.Build.0 = Release|Any CPU
		{99255999-9CD6-F187-775B-DD053592624C}.Debug|Any CPU.ActiveCfg = Debug|Any CPU
		{99255999-9CD6-F187-775B-DD053592624C}.Debug|Any CPU.Build.0 = Debug|Any CPU
		{99255999-9CD6-F187-775B-DD053592624C}.Release|Any CPU.ActiveCfg = Release|Any CPU
		{99255999-9CD6-F187-775B-DD053592624C}.Release|Any CPU.Build.0 = Release|Any CPU
		{3D8F66A6-690B-9F79-3B1A-290B8E2291E4}.Debug|Any CPU.ActiveCfg = Debug|Any CPU
		{3D8F66A6-690B-9F79-3B1A-290B8E2291E4}.Debug|Any CPU.Build.0 = Debug|Any CPU
		{3D8F66A6-690B-9F79-3B1A-290B8E2291E4}.Release|Any CPU.ActiveCfg = Release|Any CPU
		{3D8F66A6-690B-9F79-3B1A-290B8E2291E4}.Release|Any CPU.Build.0 = Release|Any CPU
		{4D44BF7C-AB31-BBCD-43E3-477B9B87539D}.Debug|Any CPU.ActiveCfg = Debug|Any CPU
		{4D44BF7C-AB31-BBCD-43E3-477B9B87539D}.Debug|Any CPU.Build.0 = Debug|Any CPU
		{4D44BF7C-AB31-BBCD-43E3-477B9B87539D}.Release|Any CPU.ActiveCfg = Release|Any CPU
		{4D44BF7C-AB31-BBCD-43E3-477B9B87539D}.Release|Any CPU.Build.0 = Release|Any CPU
	EndGlobalSection
	GlobalSection(SolutionProperties) = preSolution
		HideSolutionNode = FALSE
	EndGlobalSection
	GlobalSection(NestedProjects) = preSolution
		{E3CCBD52-2224-4780-9B87-594136B771EB} = {02EA681E-C7D8-13C7-8484-4AC65E1B71E8}
		{F1C04EA1-BEAF-4B26-BCE4-6CAD1A518DBC} = {48CA10E1-2ABA-4B71-8E0F-694DF3220172}
		{EFA6B207-A98B-4A27-99D3-B8A82E5A91C9} = {D07905A5-DF5F-4A69-876E-E5CC60897FF5}
		{565EBB48-FAE5-C91F-B310-54787D801F86} = {82D99BE0-4A8E-406C-9054-6E17D9F33CF0}
		{31B9D301-02A8-AC4F-190E-9681A83D53CC} = {82D99BE0-4A8E-406C-9054-6E17D9F33CF0}
		{7CFFBCD6-1742-ED72-E5E5-8050F9084412} = {48CA10E1-2ABA-4B71-8E0F-694DF3220172}
		{6B466584-9ED9-00CB-A7AF-4EC67B726970} = {48CA10E1-2ABA-4B71-8E0F-694DF3220172}
		{0D19D1C6-CD7B-CF13-B7F2-FED4A689CF1C} = {72F1D212-1364-44BF-9957-04363B0E98BE}
		{C1005735-84D4-83BA-BA8C-DFADAA8DECEF} = {72F1D212-1364-44BF-9957-04363B0E98BE}
		{99255999-9CD6-F187-775B-DD053592624C} = {0C8A141A-1559-4896-8F6C-3C82499838C3}
		{3D8F66A6-690B-9F79-3B1A-290B8E2291E4} = {0C8A141A-1559-4896-8F6C-3C82499838C3}
		{4D44BF7C-AB31-BBCD-43E3-477B9B87539D} = {0C8A141A-1559-4896-8F6C-3C82499838C3}
	EndGlobalSection
	GlobalSection(ExtensibilityGlobals) = postSolution
		SolutionGuid = {C873251D-845D-4814-AEA2-B255D19C272D}
	EndGlobalSection
EndGlobal
